
Microsoft Visual Studio Solution File, Format Version 12.00
# Visual Studio Version 16
VisualStudioVersion = 16.0.30621.155
MinimumVisualStudioVersion = 10.0.40219.1
Project("{FAE04EC0-301F-11D3-BF4B-00C04F79EFBC}") = "PerksByDaylightV2.Android", "PerksByDaylightV2.Android\PerksByDaylightV2.Android.csproj", "{46CDA5CE-139B-4072-B87D-D6CBF36588F5}"
EndProject
Project("{FAE04EC0-301F-11D3-BF4B-00C04F79EFBC}") = "PerksByDaylightV2", "PerksByDaylightV2\PerksByDaylightV2.csproj", "{6D790656-CE77-4AAD-B4C6-FD4AAF034FBC}"
EndProject
Global
	GlobalSection(SolutionConfigurationPlatforms) = preSolution
		Debug|Any CPU = Debug|Any CPU
		Release|Any CPU = Release|Any CPU
	EndGlobalSection
	GlobalSection(ProjectConfigurationPlatforms) = postSolution
		{46CDA5CE-139B-4072-B87D-D6CBF36588F5}.Debug|Any CPU.ActiveCfg = Debug|Any CPU
		{46CDA5CE-139B-4072-B87D-D6CBF36588F5}.Debug|Any CPU.Build.0 = Debug|Any CPU
		{46CDA5CE-139B-4072-B87D-D6CBF36588F5}.Debug|Any CPU.Deploy.0 = Debug|Any CPU
		{46CDA5CE-139B-4072-B87D-D6CBF36588F5}.Release|Any CPU.ActiveCfg = Release|Any CPU
		{46CDA5CE-139B-4072-B87D-D6CBF36588F5}.Release|Any CPU.Build.0 = Release|Any CPU
		{46CDA5CE-139B-4072-B87D-D6CBF36588F5}.Release|Any CPU.Deploy.0 = Release|Any CPU
		{6D790656-CE77-4AAD-B4C6-FD4AAF034FBC}.Debug|Any CPU.ActiveCfg = Debug|Any CPU
		{6D790656-CE77-4AAD-B4C6-FD4AAF034FBC}.Debug|Any CPU.Build.0 = Debug|Any CPU
		{6D790656-CE77-4AAD-B4C6-FD4AAF034FBC}.Debug|Any CPU.Deploy.0 = Debug|Any CPU
		{6D790656-CE77-4AAD-B4C6-FD4AAF034FBC}.Release|Any CPU.ActiveCfg = Release|Any CPU
		{6D790656-CE77-4AAD-B4C6-FD4AAF034FBC}.Release|Any CPU.Build.0 = Release|Any CPU
		{6D790656-CE77-4AAD-B4C6-FD4AAF034FBC}.Release|Any CPU.Deploy.0 = Release|Any CPU
	EndGlobalSection
	GlobalSection(SolutionProperties) = preSolution
		HideSolutionNode = FALSE
	EndGlobalSection
	GlobalSection(ExtensibilityGlobals) = postSolution
		SolutionGuid = {B1F4CE6C-AAF5-4D7D-B9A2-80EC2C5C64E0}
	EndGlobalSection
EndGlobal
